// !$*UTF8*$!
{
	archiveVersion = 1;
	classes = {
	};
	objectVersion = 55;
	objects = {

/* Begin PBXBuildFile section */
		3E4881C626C4DA46007F6990 /* FrutaApp.swift in Sources */ = {isa = PBXBuildFile; fileRef = 3E4881C526C4DA46007F6990 /* FrutaApp.swift */; };
		3E4881C826C4DA46007F6990 /* ContentView.swift in Sources */ = {isa = PBXBuildFile; fileRef = 3E4881C726C4DA46007F6990 /* ContentView.swift */; };
		3E4881CA26C4DA48007F6990 /* Assets.xcassets in Resources */ = {isa = PBXBuildFile; fileRef = 3E4881C926C4DA48007F6990 /* Assets.xcassets */; };
		3E4881CD26C4DA48007F6990 /* Preview Assets.xcassets in Resources */ = {isa = PBXBuildFile; fileRef = 3E4881CC26C4DA48007F6990 /* Preview Assets.xcassets */; };
		3E4B465E26C4DFD400604B06 /* AppTabNavigation.swift in Sources */ = {isa = PBXBuildFile; fileRef = 3E4B465D26C4DFD400604B06 /* AppTabNavigation.swift */; };
		3E4B466526C4F33C00604B06 /* SmoothieMenu.swift in Sources */ = {isa = PBXBuildFile; fileRef = 3E4B466426C4F33C00604B06 /* SmoothieMenu.swift */; };
		3E4B466726C4F37900604B06 /* Smoothie.swift in Sources */ = {isa = PBXBuildFile; fileRef = 3E4B466626C4F37900604B06 /* Smoothie.swift */; };
		3E4B466E26C4F74F00604B06 /* MeasuredIngredient.swift in Sources */ = {isa = PBXBuildFile; fileRef = 3E4B466D26C4F74F00604B06 /* MeasuredIngredient.swift */; };
		3E4B467126C4F8DC00604B06 /* Ingredient.swift in Sources */ = {isa = PBXBuildFile; fileRef = 3E4B467026C4F8DC00604B06 /* Ingredient.swift */; };
		3E4B467326C4F99100604B06 /* Ingredient+SwiftUI.swift in Sources */ = {isa = PBXBuildFile; fileRef = 3E4B467226C4F99100604B06 /* Ingredient+SwiftUI.swift */; };
		3E4B467626C504AB00604B06 /* NutritionFact.swift in Sources */ = {isa = PBXBuildFile; fileRef = 3E4B467526C504AB00604B06 /* NutritionFact.swift */; };
		3E4B467826C5052700604B06 /* NutritionFact+Energy.swift in Sources */ = {isa = PBXBuildFile; fileRef = 3E4B467726C5052700604B06 /* NutritionFact+Energy.swift */; };
		3E4B467A26C5064000604B06 /* NutritionFact+Decodable.swift in Sources */ = {isa = PBXBuildFile; fileRef = 3E4B467926C5064000604B06 /* NutritionFact+Decodable.swift */; };
		3E4B467C26C506A800604B06 /* DisplayableMeasurement.swift in Sources */ = {isa = PBXBuildFile; fileRef = 3E4B467B26C506A800604B06 /* DisplayableMeasurement.swift */; };
		3E4B467E26C506D900604B06 /* UnitIcons.swift in Sources */ = {isa = PBXBuildFile; fileRef = 3E4B467D26C506D900604B06 /* UnitIcons.swift */; };
		3E4B468026C5073500604B06 /* Ingredient+NutritionFacts.swift in Sources */ = {isa = PBXBuildFile; fileRef = 3E4B467F26C5073500604B06 /* Ingredient+NutritionFacts.swift */; };
		3E4B468226C7729B00604B06 /* SmoothieList.swift in Sources */ = {isa = PBXBuildFile; fileRef = 3E4B468126C7729B00604B06 /* SmoothieList.swift */; };
		3E4B468526C78BE800604B06 /* Model.swift in Sources */ = {isa = PBXBuildFile; fileRef = 3E4B468426C78BE800604B06 /* Model.swift */; };
		3E4B468726C78C5300604B06 /* Order.swift in Sources */ = {isa = PBXBuildFile; fileRef = 3E4B468626C78C5300604B06 /* Order.swift */; };
		3E4B468926C78E7E00604B06 /* Account.swift in Sources */ = {isa = PBXBuildFile; fileRef = 3E4B468826C78E7E00604B06 /* Account.swift */; };
		3E4B468B26C799F700604B06 /* SmoothieRow.swift in Sources */ = {isa = PBXBuildFile; fileRef = 3E4B468A26C799F700604B06 /* SmoothieRow.swift */; };
		3E4B468D26C79C9B00604B06 /* Smoothie+SwiftUI.swift in Sources */ = {isa = PBXBuildFile; fileRef = 3E4B468C26C79C9B00604B06 /* Smoothie+SwiftUI.swift */; };
/* End PBXBuildFile section */

/* Begin PBXFileReference section */
		3E4881C226C4DA46007F6990 /* Fruta.app */ = {isa = PBXFileReference; explicitFileType = wrapper.application; includeInIndex = 0; path = Fruta.app; sourceTree = BUILT_PRODUCTS_DIR; };
		3E4881C526C4DA46007F6990 /* FrutaApp.swift */ = {isa = PBXFileReference; lastKnownFileType = sourcecode.swift; path = FrutaApp.swift; sourceTree = "<group>"; };
		3E4881C726C4DA46007F6990 /* ContentView.swift */ = {isa = PBXFileReference; lastKnownFileType = sourcecode.swift; path = ContentView.swift; sourceTree = "<group>"; };
		3E4881C926C4DA48007F6990 /* Assets.xcassets */ = {isa = PBXFileReference; lastKnownFileType = folder.assetcatalog; path = Assets.xcassets; sourceTree = "<group>"; };
		3E4881CC26C4DA48007F6990 /* Preview Assets.xcassets */ = {isa = PBXFileReference; lastKnownFileType = folder.assetcatalog; path = "Preview Assets.xcassets"; sourceTree = "<group>"; };
		3E4B465D26C4DFD400604B06 /* AppTabNavigation.swift */ = {isa = PBXFileReference; lastKnownFileType = sourcecode.swift; path = AppTabNavigation.swift; sourceTree = "<group>"; };
		3E4B466426C4F33C00604B06 /* SmoothieMenu.swift */ = {isa = PBXFileReference; lastKnownFileType = sourcecode.swift; path = SmoothieMenu.swift; sourceTree = "<group>"; };
		3E4B466626C4F37900604B06 /* Smoothie.swift */ = {isa = PBXFileReference; lastKnownFileType = sourcecode.swift; path = Smoothie.swift; sourceTree = "<group>"; };
		3E4B466D26C4F74F00604B06 /* MeasuredIngredient.swift */ = {isa = PBXFileReference; lastKnownFileType = sourcecode.swift; path = MeasuredIngredient.swift; sourceTree = "<group>"; };
		3E4B467026C4F8DC00604B06 /* Ingredient.swift */ = {isa = PBXFileReference; lastKnownFileType = sourcecode.swift; path = Ingredient.swift; sourceTree = "<group>"; };
		3E4B467226C4F99100604B06 /* Ingredient+SwiftUI.swift */ = {isa = PBXFileReference; lastKnownFileType = sourcecode.swift; path = "Ingredient+SwiftUI.swift"; sourceTree = "<group>"; };
		3E4B467526C504AB00604B06 /* NutritionFact.swift */ = {isa = PBXFileReference; lastKnownFileType = sourcecode.swift; path = NutritionFact.swift; sourceTree = "<group>"; };
		3E4B467726C5052700604B06 /* NutritionFact+Energy.swift */ = {isa = PBXFileReference; lastKnownFileType = sourcecode.swift; path = "NutritionFact+Energy.swift"; sourceTree = "<group>"; };
		3E4B467926C5064000604B06 /* NutritionFact+Decodable.swift */ = {isa = PBXFileReference; lastKnownFileType = sourcecode.swift; path = "NutritionFact+Decodable.swift"; sourceTree = "<group>"; };
		3E4B467B26C506A800604B06 /* DisplayableMeasurement.swift */ = {isa = PBXFileReference; lastKnownFileType = sourcecode.swift; path = DisplayableMeasurement.swift; sourceTree = "<group>"; };
		3E4B467D26C506D900604B06 /* UnitIcons.swift */ = {isa = PBXFileReference; lastKnownFileType = sourcecode.swift; path = UnitIcons.swift; sourceTree = "<group>"; };
		3E4B467F26C5073500604B06 /* Ingredient+NutritionFacts.swift */ = {isa = PBXFileReference; lastKnownFileType = sourcecode.swift; path = "Ingredient+NutritionFacts.swift"; sourceTree = "<group>"; };
		3E4B468126C7729B00604B06 /* SmoothieList.swift */ = {isa = PBXFileReference; lastKnownFileType = sourcecode.swift; path = SmoothieList.swift; sourceTree = "<group>"; };
		3E4B468426C78BE800604B06 /* Model.swift */ = {isa = PBXFileReference; lastKnownFileType = sourcecode.swift; path = Model.swift; sourceTree = "<group>"; };
		3E4B468626C78C5300604B06 /* Order.swift */ = {isa = PBXFileReference; lastKnownFileType = sourcecode.swift; path = Order.swift; sourceTree = "<group>"; };
		3E4B468826C78E7E00604B06 /* Account.swift */ = {isa = PBXFileReference; lastKnownFileType = sourcecode.swift; path = Account.swift; sourceTree = "<group>"; };
		3E4B468A26C799F700604B06 /* SmoothieRow.swift */ = {isa = PBXFileReference; lastKnownFileType = sourcecode.swift; path = SmoothieRow.swift; sourceTree = "<group>"; };
		3E4B468C26C79C9B00604B06 /* Smoothie+SwiftUI.swift */ = {isa = PBXFileReference; lastKnownFileType = sourcecode.swift; path = "Smoothie+SwiftUI.swift"; sourceTree = "<group>"; };
/* End PBXFileReference section */

/* Begin PBXFrameworksBuildPhase section */
		3E4881BF26C4DA46007F6990 /* Frameworks */ = {
			isa = PBXFrameworksBuildPhase;
			buildActionMask = 2147483647;
			files = (
			);
			runOnlyForDeploymentPostprocessing = 0;
		};
/* End PBXFrameworksBuildPhase section */

/* Begin PBXGroup section */
		3E4881B926C4DA46007F6990 = {
			isa = PBXGroup;
			children = (
				3E4881D326C4DEB2007F6990 /* iOS */,
				3E4881C426C4DA46007F6990 /* Fruta */,
				3E4881C326C4DA46007F6990 /* Products */,
			);
			sourceTree = "<group>";
		};
		3E4881C326C4DA46007F6990 /* Products */ = {
			isa = PBXGroup;
			children = (
				3E4881C226C4DA46007F6990 /* Fruta.app */,
			);
			name = Products;
			sourceTree = "<group>";
		};
		3E4881C426C4DA46007F6990 /* Fruta */ = {
			isa = PBXGroup;
			children = (
				3E4B468326C78BCF00604B06 /* Model */,
				3E4B467426C5046800604B06 /* NutritionFacts */,
				3E4B466F26C4F8C000604B06 /* Ingredients */,
				3E4B466C26C4F71C00604B06 /* Recipe */,
				3E4B466026C4F2D000604B06 /* Smoothie */,
				3E4B465F26C4DFF600604B06 /* Navigation */,
				3E4881C526C4DA46007F6990 /* FrutaApp.swift */,
				3E4881C926C4DA48007F6990 /* Assets.xcassets */,
				3E4881CB26C4DA48007F6990 /* Preview Content */,
			);
			path = Fruta;
			sourceTree = "<group>";
		};
		3E4881CB26C4DA48007F6990 /* Preview Content */ = {
			isa = PBXGroup;
			children = (
				3E4881CC26C4DA48007F6990 /* Preview Assets.xcassets */,
			);
			path = "Preview Content";
			sourceTree = "<group>";
		};
		3E4881D326C4DEB2007F6990 /* iOS */ = {
			isa = PBXGroup;
			children = (
				3E4B465D26C4DFD400604B06 /* AppTabNavigation.swift */,
			);
			path = iOS;
			sourceTree = "<group>";
		};
		3E4B465F26C4DFF600604B06 /* Navigation */ = {
			isa = PBXGroup;
			children = (
				3E4881C726C4DA46007F6990 /* ContentView.swift */,
			);
			path = Navigation;
			sourceTree = "<group>";
		};
		3E4B466026C4F2D000604B06 /* Smoothie */ = {
			isa = PBXGroup;
			children = (
				3E4B466426C4F33C00604B06 /* SmoothieMenu.swift */,
				3E4B466626C4F37900604B06 /* Smoothie.swift */,
				3E4B468126C7729B00604B06 /* SmoothieList.swift */,
				3E4B468A26C799F700604B06 /* SmoothieRow.swift */,
				3E4B468C26C79C9B00604B06 /* Smoothie+SwiftUI.swift */,
			);
			path = Smoothie;
			sourceTree = "<group>";
		};
		3E4B466C26C4F71C00604B06 /* Recipe */ = {
			isa = PBXGroup;
			children = (
				3E4B466D26C4F74F00604B06 /* MeasuredIngredient.swift */,
			);
			path = Recipe;
			sourceTree = "<group>";
		};
		3E4B466F26C4F8C000604B06 /* Ingredients */ = {
			isa = PBXGroup;
			children = (
				3E4B467026C4F8DC00604B06 /* Ingredient.swift */,
				3E4B467226C4F99100604B06 /* Ingredient+SwiftUI.swift */,
				3E4B467F26C5073500604B06 /* Ingredient+NutritionFacts.swift */,
			);
			path = Ingredients;
			sourceTree = "<group>";
		};
		3E4B467426C5046800604B06 /* NutritionFacts */ = {
			isa = PBXGroup;
			children = (
				3E4B467526C504AB00604B06 /* NutritionFact.swift */,
				3E4B467726C5052700604B06 /* NutritionFact+Energy.swift */,
				3E4B467926C5064000604B06 /* NutritionFact+Decodable.swift */,
				3E4B467B26C506A800604B06 /* DisplayableMeasurement.swift */,
				3E4B467D26C506D900604B06 /* UnitIcons.swift */,
			);
			path = NutritionFacts;
			sourceTree = "<group>";
		};
		3E4B468326C78BCF00604B06 /* Model */ = {
			isa = PBXGroup;
			children = (
				3E4B468426C78BE800604B06 /* Model.swift */,
				3E4B468626C78C5300604B06 /* Order.swift */,
				3E4B468826C78E7E00604B06 /* Account.swift */,
			);
			path = Model;
			sourceTree = "<group>";
		};
/* End PBXGroup section */

/* Begin PBXNativeTarget section */
		3E4881C126C4DA46007F6990 /* Fruta */ = {
			isa = PBXNativeTarget;
			buildConfigurationList = 3E4881D026C4DA48007F6990 /* Build configuration list for PBXNativeTarget "Fruta" */;
			buildPhases = (
				3E4881BE26C4DA46007F6990 /* Sources */,
				3E4881BF26C4DA46007F6990 /* Frameworks */,
				3E4881C026C4DA46007F6990 /* Resources */,
			);
			buildRules = (
			);
			dependencies = (
			);
			name = Fruta;
			productName = Fruta;
			productReference = 3E4881C226C4DA46007F6990 /* Fruta.app */;
			productType = "com.apple.product-type.application";
		};
/* End PBXNativeTarget section */

/* Begin PBXProject section */
		3E4881BA26C4DA46007F6990 /* Project object */ = {
			isa = PBXProject;
			attributes = {
				BuildIndependentTargetsInParallel = 1;
				LastSwiftUpdateCheck = 1300;
				LastUpgradeCheck = 1300;
				TargetAttributes = {
					3E4881C126C4DA46007F6990 = {
						CreatedOnToolsVersion = 13.0;
					};
				};
			};
			buildConfigurationList = 3E4881BD26C4DA46007F6990 /* Build configuration list for PBXProject "Fruta" */;
			compatibilityVersion = "Xcode 13.0";
			developmentRegion = en;
			hasScannedForEncodings = 0;
			knownRegions = (
				en,
				Base,
			);
			mainGroup = 3E4881B926C4DA46007F6990;
			productRefGroup = 3E4881C326C4DA46007F6990 /* Products */;
			projectDirPath = "";
			projectRoot = "";
			targets = (
				3E4881C126C4DA46007F6990 /* Fruta */,
			);
		};
/* End PBXProject section */

/* Begin PBXResourcesBuildPhase section */
		3E4881C026C4DA46007F6990 /* Resources */ = {
			isa = PBXResourcesBuildPhase;
			buildActionMask = 2147483647;
			files = (
				3E4881CD26C4DA48007F6990 /* Preview Assets.xcassets in Resources */,
				3E4881CA26C4DA48007F6990 /* Assets.xcassets in Resources */,
			);
			runOnlyForDeploymentPostprocessing = 0;
		};
/* End PBXResourcesBuildPhase section */

/* Begin PBXSourcesBuildPhase section */
		3E4881BE26C4DA46007F6990 /* Sources */ = {
			isa = PBXSourcesBuildPhase;
			buildActionMask = 2147483647;
			files = (
				3E4881C826C4DA46007F6990 /* ContentView.swift in Sources */,
				3E4B467E26C506D900604B06 /* UnitIcons.swift in Sources */,
				3E4881C626C4DA46007F6990 /* FrutaApp.swift in Sources */,
				3E4B467326C4F99100604B06 /* Ingredient+SwiftUI.swift in Sources */,
				3E4B467A26C5064000604B06 /* NutritionFact+Decodable.swift in Sources */,
				3E4B468926C78E7E00604B06 /* Account.swift in Sources */,
				3E4B468B26C799F700604B06 /* SmoothieRow.swift in Sources */,
				3E4B468D26C79C9B00604B06 /* Smoothie+SwiftUI.swift in Sources */,
				3E4B467126C4F8DC00604B06 /* Ingredient.swift in Sources */,
				3E4B468726C78C5300604B06 /* Order.swift in Sources */,
				3E4B466526C4F33C00604B06 /* SmoothieMenu.swift in Sources */,
				3E4B468526C78BE800604B06 /* Model.swift in Sources */,
				3E4B468026C5073500604B06 /* Ingredient+NutritionFacts.swift in Sources */,
				3E4B466726C4F37900604B06 /* Smoothie.swift in Sources */,
				3E4B468226C7729B00604B06 /* SmoothieList.swift in Sources */,
				3E4B467C26C506A800604B06 /* DisplayableMeasurement.swift in Sources */,
				3E4B467826C5052700604B06 /* NutritionFact+Energy.swift in Sources */,
				3E4B466E26C4F74F00604B06 /* MeasuredIngredient.swift in Sources */,
				3E4B467626C504AB00604B06 /* NutritionFact.swift in Sources */,
				3E4B465E26C4DFD400604B06 /* AppTabNavigation.swift in Sources */,
			);
			runOnlyForDeploymentPostprocessing = 0;
		};
/* End PBXSourcesBuildPhase section */

/* Begin XCBuildConfiguration section */
		3E4881CE26C4DA48007F6990 /* Debug */ = {
			isa = XCBuildConfiguration;
			buildSettings = {
				ALWAYS_SEARCH_USER_PATHS = NO;
				CLANG_ANALYZER_NONNULL = YES;
				CLANG_ANALYZER_NUMBER_OBJECT_CONVERSION = YES_AGGRESSIVE;
				CLANG_CXX_LANGUAGE_STANDARD = "gnu++17";
				CLANG_CXX_LIBRARY = "libc++";
				CLANG_ENABLE_MODULES = YES;
				CLANG_ENABLE_OBJC_ARC = YES;
				CLANG_ENABLE_OBJC_WEAK = YES;
				CLANG_WARN_BLOCK_CAPTURE_AUTORELEASING = YES;
				CLANG_WARN_BOOL_CONVERSION = YES;
				CLANG_WARN_COMMA = YES;
				CLANG_WARN_CONSTANT_CONVERSION = YES;
				CLANG_WARN_DEPRECATED_OBJC_IMPLEMENTATIONS = YES;
				CLANG_WARN_DIRECT_OBJC_ISA_USAGE = YES_ERROR;
				CLANG_WARN_DOCUMENTATION_COMMENTS = YES;
				CLANG_WARN_EMPTY_BODY = YES;
				CLANG_WARN_ENUM_CONVERSION = YES;
				CLANG_WARN_INFINITE_RECURSION = YES;
				CLANG_WARN_INT_CONVERSION = YES;
				CLANG_WARN_NON_LITERAL_NULL_CONVERSION = YES;
				CLANG_WARN_OBJC_IMPLICIT_RETAIN_SELF = YES;
				CLANG_WARN_OBJC_LITERAL_CONVERSION = YES;
				CLANG_WARN_OBJC_ROOT_CLASS = YES_ERROR;
				CLANG_WARN_QUOTED_INCLUDE_IN_FRAMEWORK_HEADER = YES;
				CLANG_WARN_RANGE_LOOP_ANALYSIS = YES;
				CLANG_WARN_STRICT_PROTOTYPES = YES;
				CLANG_WARN_SUSPICIOUS_MOVE = YES;
				CLANG_WARN_UNGUARDED_AVAILABILITY = YES_AGGRESSIVE;
				CLANG_WARN_UNREACHABLE_CODE = YES;
				CLANG_WARN__DUPLICATE_METHOD_MATCH = YES;
				COPY_PHASE_STRIP = NO;
				DEBUG_INFORMATION_FORMAT = dwarf;
				ENABLE_STRICT_OBJC_MSGSEND = YES;
				ENABLE_TESTABILITY = YES;
				GCC_C_LANGUAGE_STANDARD = gnu11;
				GCC_DYNAMIC_NO_PIC = NO;
				GCC_NO_COMMON_BLOCKS = YES;
				GCC_OPTIMIZATION_LEVEL = 0;
				GCC_PREPROCESSOR_DEFINITIONS = (
					"DEBUG=1",
					"$(inherited)",
				);
				GCC_WARN_64_TO_32_BIT_CONVERSION = YES;
				GCC_WARN_ABOUT_RETURN_TYPE = YES_ERROR;
				GCC_WARN_UNDECLARED_SELECTOR = YES;
				GCC_WARN_UNINITIALIZED_AUTOS = YES_AGGRESSIVE;
				GCC_WARN_UNUSED_FUNCTION = YES;
				GCC_WARN_UNUSED_VARIABLE = YES;
				IPHONEOS_DEPLOYMENT_TARGET = 15.0;
				MTL_ENABLE_DEBUG_INFO = INCLUDE_SOURCE;
				MTL_FAST_MATH = YES;
				ONLY_ACTIVE_ARCH = YES;
				SDKROOT = iphoneos;
				SWIFT_ACTIVE_COMPILATION_CONDITIONS = DEBUG;
				SWIFT_OPTIMIZATION_LEVEL = "-Onone";
			};
			name = Debug;
		};
		3E4881CF26C4DA48007F6990 /* Release */ = {
			isa = XCBuildConfiguration;
			buildSettings = {
				ALWAYS_SEARCH_USER_PATHS = NO;
				CLANG_ANALYZER_NONNULL = YES;
				CLANG_ANALYZER_NUMBER_OBJECT_CONVERSION = YES_AGGRESSIVE;
				CLANG_CXX_LANGUAGE_STANDARD = "gnu++17";
				CLANG_CXX_LIBRARY = "libc++";
				CLANG_ENABLE_MODULES = YES;
				CLANG_ENABLE_OBJC_ARC = YES;
				CLANG_ENABLE_OBJC_WEAK = YES;
				CLANG_WARN_BLOCK_CAPTURE_AUTORELEASING = YES;
				CLANG_WARN_BOOL_CONVERSION = YES;
				CLANG_WARN_COMMA = YES;
				CLANG_WARN_CONSTANT_CONVERSION = YES;
				CLANG_WARN_DEPRECATED_OBJC_IMPLEMENTATIONS = YES;
				CLANG_WARN_DIRECT_OBJC_ISA_USAGE = YES_ERROR;
				CLANG_WARN_DOCUMENTATION_COMMENTS = YES;
				CLANG_WARN_EMPTY_BODY = YES;
				CLANG_WARN_ENUM_CONVERSION = YES;
				CLANG_WARN_INFINITE_RECURSION = YES;
				CLANG_WARN_INT_CONVERSION = YES;
				CLANG_WARN_NON_LITERAL_NULL_CONVERSION = YES;
				CLANG_WARN_OBJC_IMPLICIT_RETAIN_SELF = YES;
				CLANG_WARN_OBJC_LITERAL_CONVERSION = YES;
				CLANG_WARN_OBJC_ROOT_CLASS = YES_ERROR;
				CLANG_WARN_QUOTED_INCLUDE_IN_FRAMEWORK_HEADER = YES;
				CLANG_WARN_RANGE_LOOP_ANALYSIS = YES;
				CLANG_WARN_STRICT_PROTOTYPES = YES;
				CLANG_WARN_SUSPICIOUS_MOVE = YES;
				CLANG_WARN_UNGUARDED_AVAILABILITY = YES_AGGRESSIVE;
				CLANG_WARN_UNREACHABLE_CODE = YES;
				CLANG_WARN__DUPLICATE_METHOD_MATCH = YES;
				COPY_PHASE_STRIP = NO;
				DEBUG_INFORMATION_FORMAT = "dwarf-with-dsym";
				ENABLE_NS_ASSERTIONS = NO;
				ENABLE_STRICT_OBJC_MSGSEND = YES;
				GCC_C_LANGUAGE_STANDARD = gnu11;
				GCC_NO_COMMON_BLOCKS = YES;
				GCC_WARN_64_TO_32_BIT_CONVERSION = YES;
				GCC_WARN_ABOUT_RETURN_TYPE = YES_ERROR;
				GCC_WARN_UNDECLARED_SELECTOR = YES;
				GCC_WARN_UNINITIALIZED_AUTOS = YES_AGGRESSIVE;
				GCC_WARN_UNUSED_FUNCTION = YES;
				GCC_WARN_UNUSED_VARIABLE = YES;
				IPHONEOS_DEPLOYMENT_TARGET = 15.0;
				MTL_ENABLE_DEBUG_INFO = NO;
				MTL_FAST_MATH = YES;
				SDKROOT = iphoneos;
				SWIFT_COMPILATION_MODE = wholemodule;
				SWIFT_OPTIMIZATION_LEVEL = "-O";
				VALIDATE_PRODUCT = YES;
			};
			name = Release;
		};
		3E4881D126C4DA48007F6990 /* Debug */ = {
			isa = XCBuildConfiguration;
			buildSettings = {
				ASSETCATALOG_COMPILER_APPICON_NAME = AppIcon;
				ASSETCATALOG_COMPILER_GLOBAL_ACCENT_COLOR_NAME = AccentColor;
				CODE_SIGN_STYLE = Automatic;
				CURRENT_PROJECT_VERSION = 1;
				DEVELOPMENT_ASSET_PATHS = "\"Fruta/Preview Content\"";
				DEVELOPMENT_TEAM = 63Q96K3BZ3;
				ENABLE_PREVIEWS = YES;
				GENERATE_INFOPLIST_FILE = YES;
				INFOPLIST_KEY_UIApplicationSceneManifest_Generation = YES;
				INFOPLIST_KEY_UIApplicationSupportsIndirectInputEvents = YES;
				INFOPLIST_KEY_UILaunchScreen_Generation = YES;
				INFOPLIST_KEY_UISupportedInterfaceOrientations_iPad = "UIInterfaceOrientationPortrait UIInterfaceOrientationPortraitUpsideDown UIInterfaceOrientationLandscapeLeft UIInterfaceOrientationLandscapeRight";
				INFOPLIST_KEY_UISupportedInterfaceOrientations_iPhone = "UIInterfaceOrientationPortrait UIInterfaceOrientationLandscapeLeft UIInterfaceOrientationLandscapeRight";
				IPHONEOS_DEPLOYMENT_TARGET = 15.0;
				LD_RUNPATH_SEARCH_PATHS = (
					"$(inherited)",
					"@executable_path/Frameworks",
				);
				MARKETING_VERSION = 1.0;
				PRODUCT_BUNDLE_IDENTIFIER = jp.katnakagawa.Fruta;
				PRODUCT_NAME = "$(TARGET_NAME)";
				SWIFT_EMIT_LOC_STRINGS = YES;
				SWIFT_VERSION = 5.0;
				TARGETED_DEVICE_FAMILY = "1,2";
			};
			name = Debug;
		};
		3E4881D226C4DA48007F6990 /* Release */ = {
			isa = XCBuildConfiguration;
			buildSettings = {
				ASSETCATALOG_COMPILER_APPICON_NAME = AppIcon;
				ASSETCATALOG_COMPILER_GLOBAL_ACCENT_COLOR_NAME = AccentColor;
				CODE_SIGN_STYLE = Automatic;
				CURRENT_PROJECT_VERSION = 1;
				DEVELOPMENT_ASSET_PATHS = "\"Fruta/Preview Content\"";
				DEVELOPMENT_TEAM = 63Q96K3BZ3;
				ENABLE_PREVIEWS = YES;
				GENERATE_INFOPLIST_FILE = YES;
				INFOPLIST_KEY_UIApplicationSceneManifest_Generation = YES;
				INFOPLIST_KEY_UIApplicationSupportsIndirectInputEvents = YES;
				INFOPLIST_KEY_UILaunchScreen_Generation = YES;
				INFOPLIST_KEY_UISupportedInterfaceOrientations_iPad = "UIInterfaceOrientationPortrait UIInterfaceOrientationPortraitUpsideDown UIInterfaceOrientationLandscapeLeft UIInterfaceOrientationLandscapeRight";
				INFOPLIST_KEY_UISupportedInterfaceOrientations_iPhone = "UIInterfaceOrientationPortrait UIInterfaceOrientationLandscapeLeft UIInterfaceOrientationLandscapeRight";
				IPHONEOS_DEPLOYMENT_TARGET = 15.0;
				LD_RUNPATH_SEARCH_PATHS = (
					"$(inherited)",
					"@executable_path/Frameworks",
				);
				MARKETING_VERSION = 1.0;
				PRODUCT_BUNDLE_IDENTIFIER = jp.katnakagawa.Fruta;
				PRODUCT_NAME = "$(TARGET_NAME)";
				SWIFT_EMIT_LOC_STRINGS = YES;
				SWIFT_VERSION = 5.0;
				TARGETED_DEVICE_FAMILY = "1,2";
			};
			name = Release;
		};
/* End XCBuildConfiguration section */

/* Begin XCConfigurationList section */
		3E4881BD26C4DA46007F6990 /* Build configuration list for PBXProject "Fruta" */ = {
			isa = XCConfigurationList;
			buildConfigurations = (
				3E4881CE26C4DA48007F6990 /* Debug */,
				3E4881CF26C4DA48007F6990 /* Release */,
			);
			defaultConfigurationIsVisible = 0;
			defaultConfigurationName = Release;
		};
		3E4881D026C4DA48007F6990 /* Build configuration list for PBXNativeTarget "Fruta" */ = {
			isa = XCConfigurationList;
			buildConfigurations = (
				3E4881D126C4DA48007F6990 /* Debug */,
				3E4881D226C4DA48007F6990 /* Release */,
			);
			defaultConfigurationIsVisible = 0;
			defaultConfigurationName = Release;
		};
/* End XCConfigurationList section */
	};
	rootObject = 3E4881BA26C4DA46007F6990 /* Project object */;
}
